{
    "hash": "4039bbd9a7290a631ed51251aa530dd9",
    "packages": [
        {
            "package": "doctrine/common",
            "version": "2.2.3"
        },
        {
            "package": "doctrine/dbal",
            "version": "2.2.2"
        },
        {
            "package": "doctrine/migrations",
            "version": "dev-master",
            "source-reference": "17f4b56bf0af0274cabdf3ae9b644059246d66b7",
            "commit-date": "1347005884"
        },
        {
            "package": "doctrine/orm",
            "version": "2.2.2"
        },
        {
            "package": "monolog/monolog",
            "version": "dev-master",
            "alias-pretty-version": "1.3.x-dev",
            "alias-version": "1.3.9999999.9999999-dev"
        },
        {
            "package": "monolog/monolog",
            "version": "dev-master",
            "source-reference": "e5bf7ba5d1df622b68d004b3c0277bc94286e1b7",
            "commit-date": "1347105894"
        },
        {
            "package": "pimple/pimple",
            "version": "dev-master",
            "alias-pretty-version": "1.0.x-dev",
            "alias-version": "1.0.9999999.9999999-dev"
        },
        {
            "package": "pimple/pimple",
            "version": "dev-master",
            "source-reference": "b9f27b8dc18c08f00627dec02359b46a24791dc3",
            "commit-date": "1347278988"
        },
        {
            "package": "silex/silex",
            "version": "dev-master",
            "alias-pretty-version": "1.0.x-dev",
            "alias-version": "1.0.9999999.9999999-dev"
        },
        {
            "package": "silex/silex",
            "version": "dev-master",
            "source-reference": "ad563dde113092aa603e2b399d10ea43aece8006",
            "commit-date": "1347084669"
        },
        {
            "package": "symfony/config",
            "version": "2.1.x-dev",
            "source-reference": "v2.1.0-RC2",
            "commit-date": "1345643321"
        },
        {
            "package": "symfony/console",
            "version": "2.1.x-dev",
            "source-reference": "v2.1.0",
            "commit-date": "1345643321"
        },
        {
            "package": "symfony/event-dispatcher",
            "version": "2.1.x-dev",
            "source-reference": "6e9726a4e82fe95fcb243e7c4021f7fb2de19b70",
            "commit-date": "1347274422"
        },
        {
            "package": "symfony/form",
            "version": "2.1.x-dev",
            "source-reference": "09a33bcd936a689c58ac54ae128ecc33f65a9c70",
            "commit-date": "1347274422"
        },
        {
            "package": "symfony/http-foundation",
            "version": "2.1.x-dev",
            "source-reference": "v2.1.0",
            "commit-date": "1346761482"
        },
        {
            "package": "symfony/http-kernel",
            "version": "2.1.x-dev",
            "source-reference": "cb91ebb2c104f3c24b20ef34b785f8ab75f1ea2d",
            "commit-date": "1347274422"
        },
        {
            "package": "symfony/locale",
            "version": "2.1.x-dev",
            "source-reference": "v2.1.0",
            "commit-date": "1345643321"
        },
        {
            "package": "symfony/options-resolver",
            "version": "2.1.x-dev",
            "source-reference": "v2.1.0-RC2",
            "commit-date": "1345643321"
        },
        {
            "package": "symfony/routing",
            "version": "2.1.x-dev",
            "source-reference": "5069cbd8bf02ed33cfd640b227bb43e816d55f14",
            "commit-date": "1347274422"
        },
        {
            "package": "symfony/translation",
            "version": "2.1.x-dev",
            "source-reference": "97b97722b00159ba9267f6c4ff940047d58171dc",
            "commit-date": "1347274422"
        },
        {
            "package": "symfony/twig-bridge",
            "version": "2.1.x-dev",
            "source-reference": "d367397da791ad5993a2a700c7f92d83705125cf",
            "commit-date": "1347274422"
        },
        {
            "package": "symfony/validator",
            "version": "2.1.x-dev",
            "source-reference": "321f9e800bd1d2f40c92c9c4834c3a30a4dac8e6",
            "commit-date": "1347274422"
        },
        {
            "package": "twig/twig",
            "version": "dev-master",
            "alias-pretty-version": "1.9.x-dev",
            "alias-version": "1.9.9999999.9999999-dev"
        },
        {
            "package": "twig/twig",
            "version": "dev-master",
            "source-reference": "68b8c4619c5bbe82bd345fe56070dec8c356610a",
            "commit-date": "1347025342"
        }
    ],
    "packages-dev": null,
    "aliases": [

    ],
    "minimum-stability": "dev",
    "stability-flags": {
        "doctrine/migrations": 20
    }
}
